// !$*UTF8*$!
{
	archiveVersion = 1;
	classes = {
	};
	objectVersion = 46;
	objects = {

/* Begin PBXBuildFile section */
		F63FD06718E89D5300D47804 /* Foundation.framework in Frameworks */ = {isa = PBXBuildFile; fileRef = F63FD06618E89D5300D47804 /* Foundation.framework */; };
		F63FD06918E89D5300D47804 /* CoreGraphics.framework in Frameworks */ = {isa = PBXBuildFile; fileRef = F63FD06818E89D5300D47804 /* CoreGraphics.framework */; };
		F63FD06B18E89D5300D47804 /* UIKit.framework in Frameworks */ = {isa = PBXBuildFile; fileRef = F63FD06A18E89D5300D47804 /* UIKit.framework */; };
		F63FD07118E89D5300D47804 /* InfoPlist.strings in Resources */ = {isa = PBXBuildFile; fileRef = F63FD06F18E89D5300D47804 /* InfoPlist.strings */; };
		F63FD07318E89D5300D47804 /* main.m in Sources */ = {isa = PBXBuildFile; fileRef = F63FD07218E89D5300D47804 /* main.m */; };
		F63FD07718E89D5300D47804 /* DCDAppDelegate.m in Sources */ = {isa = PBXBuildFile; fileRef = F63FD07618E89D5300D47804 /* DCDAppDelegate.m */; };
		F63FD07A18E89D5300D47804 /* Main.storyboard in Resources */ = {isa = PBXBuildFile; fileRef = F63FD07818E89D5300D47804 /* Main.storyboard */; };
		F63FD07D18E89D5300D47804 /* DCDViewController.m in Sources */ = {isa = PBXBuildFile; fileRef = F63FD07C18E89D5300D47804 /* DCDViewController.m */; };
		F63FD07F18E89D5300D47804 /* Images.xcassets in Resources */ = {isa = PBXBuildFile; fileRef = F63FD07E18E89D5300D47804 /* Images.xcassets */; };
		F63FD08618E89D5300D47804 /* XCTest.framework in Frameworks */ = {isa = PBXBuildFile; fileRef = F63FD08518E89D5300D47804 /* XCTest.framework */; };
		F63FD08718E89D5300D47804 /* Foundation.framework in Frameworks */ = {isa = PBXBuildFile; fileRef = F63FD06618E89D5300D47804 /* Foundation.framework */; };
		F63FD08818E89D5300D47804 /* UIKit.framework in Frameworks */ = {isa = PBXBuildFile; fileRef = F63FD06A18E89D5300D47804 /* UIKit.framework */; };
		F63FD09018E89D5300D47804 /* InfoPlist.strings in Resources */ = {isa = PBXBuildFile; fileRef = F63FD08E18E89D5300D47804 /* InfoPlist.strings */; };
		F63FD09218E89D5300D47804 /* Control_FlowTests.m in Sources */ = {isa = PBXBuildFile; fileRef = F63FD09118E89D5300D47804 /* Control_FlowTests.m */; };
/* End PBXBuildFile section */

/* Begin PBXContainerItemProxy section */
		F63FD08918E89D5300D47804 /* PBXContainerItemProxy */ = {
			isa = PBXContainerItemProxy;
			containerPortal = F63FD05B18E89D5300D47804 /* Project object */;
			proxyType = 1;
			remoteGlobalIDString = F63FD06218E89D5300D47804;
			remoteInfo = "Control Flow";
		};
/* End PBXContainerItemProxy section */

/* Begin PBXFileReference section */
		F63FD06318E89D5300D47804 /* Control Flow.app */ = {isa = PBXFileReference; explicitFileType = wrapper.application; includeInIndex = 0; path = "Control Flow.app"; sourceTree = BUILT_PRODUCTS_DIR; };
		F63FD06618E89D5300D47804 /* Foundation.framework */ = {isa = PBXFileReference; lastKnownFileType = wrapper.framework; name = Foundation.framework; path = System/Library/Frameworks/Foundation.framework; sourceTree = SDKROOT; };
		F63FD06818E89D5300D47804 /* CoreGraphics.framework */ = {isa = PBXFileReference; lastKnownFileType = wrapper.framework; name = CoreGraphics.framework; path = System/Library/Frameworks/CoreGraphics.framework; sourceTree = SDKROOT; };
		F63FD06A18E89D5300D47804 /* UIKit.framework */ = {isa = PBXFileReference; lastKnownFileType = wrapper.framework; name = UIKit.framework; path = System/Library/Frameworks/UIKit.framework; sourceTree = SDKROOT; };
		F63FD06E18E89D5300D47804 /* Control Flow-Info.plist */ = {isa = PBXFileReference; lastKnownFileType = text.plist.xml; path = "Control Flow-Info.plist"; sourceTree = "<group>"; };
		F63FD07018E89D5300D47804 /* en */ = {isa = PBXFileReference; lastKnownFileType = text.plist.strings; name = en; path = en.lproj/InfoPlist.strings; sourceTree = "<group>"; };
		F63FD07218E89D5300D47804 /* main.m */ = {isa = PBXFileReference; lastKnownFileType = sourcecode.c.objc; path = main.m; sourceTree = "<group>"; };
		F63FD07418E89D5300D47804 /* Control Flow-Prefix.pch */ = {isa = PBXFileReference; lastKnownFileType = sourcecode.c.h; path = "Control Flow-Prefix.pch"; sourceTree = "<group>"; };
		F63FD07518E89D5300D47804 /* DCDAppDelegate.h */ = {isa = PBXFileReference; lastKnownFileType = sourcecode.c.h; path = DCDAppDelegate.h; sourceTree = "<group>"; };
		F63FD07618E89D5300D47804 /* DCDAppDelegate.m */ = {isa = PBXFileReference; lastKnownFileType = sourcecode.c.objc; path = DCDAppDelegate.m; sourceTree = "<group>"; };
		F63FD07918E89D5300D47804 /* Base */ = {isa = PBXFileReference; lastKnownFileType = file.storyboard; name = Base; path = Base.lproj/Main.storyboard; sourceTree = "<group>"; };
		F63FD07B18E89D5300D47804 /* DCDViewController.h */ = {isa = PBXFileReference; lastKnownFileType = sourcecode.c.h; path = DCDViewController.h; sourceTree = "<group>"; };
		F63FD07C18E89D5300D47804 /* DCDViewController.m */ = {isa = PBXFileReference; lastKnownFileType = sourcecode.c.objc; path = DCDViewController.m; sourceTree = "<group>"; };
		F63FD07E18E89D5300D47804 /* Images.xcassets */ = {isa = PBXFileReference; lastKnownFileType = folder.assetcatalog; path = Images.xcassets; sourceTree = "<group>"; };
		F63FD08418E89D5300D47804 /* Control FlowTests.xctest */ = {isa = PBXFileReference; explicitFileType = wrapper.cfbundle; includeInIndex = 0; path = "Control FlowTests.xctest"; sourceTree = BUILT_PRODUCTS_DIR; };
		F63FD08518E89D5300D47804 /* XCTest.framework */ = {isa = PBXFileReference; lastKnownFileType = wrapper.framework; name = XCTest.framework; path = Library/Frameworks/XCTest.framework; sourceTree = DEVELOPER_DIR; };
		F63FD08D18E89D5300D47804 /* Control FlowTests-Info.plist */ = {isa = PBXFileReference; lastKnownFileType = text.plist.xml; path = "Control FlowTests-Info.plist"; sourceTree = "<group>"; };
		F63FD08F18E89D5300D47804 /* en */ = {isa = PBXFileReference; lastKnownFileType = text.plist.strings; name = en; path = en.lproj/InfoPlist.strings; sourceTree = "<group>"; };
		F63FD09118E89D5300D47804 /* Control_FlowTests.m */ = {isa = PBXFileReference; lastKnownFileType = sourcecode.c.objc; path = Control_FlowTests.m; sourceTree = "<group>"; };
/* End PBXFileReference section */

/* Begin PBXFrameworksBuildPhase section */
		F63FD06018E89D5300D47804 /* Frameworks */ = {
			isa = PBXFrameworksBuildPhase;
			buildActionMask = 2147483647;
			files = (
				F63FD06918E89D5300D47804 /* CoreGraphics.framework in Frameworks */,
				F63FD06B18E89D5300D47804 /* UIKit.framework in Frameworks */,
				F63FD06718E89D5300D47804 /* Foundation.framework in Frameworks */,
			);
			runOnlyForDeploymentPostprocessing = 0;
		};
		F63FD08118E89D5300D47804 /* Frameworks */ = {
			isa = PBXFrameworksBuildPhase;
			buildActionMask = 2147483647;
			files = (
				F63FD08618E89D5300D47804 /* XCTest.framework in Frameworks */,
				F63FD08818E89D5300D47804 /* UIKit.framework in Frameworks */,
				F63FD08718E89D5300D47804 /* Foundation.framework in Frameworks */,
			);
			runOnlyForDeploymentPostprocessing = 0;
		};
/* End PBXFrameworksBuildPhase section */

/* Begin PBXGroup section */
		F63FD05A18E89D5300D47804 = {
			isa = PBXGroup;
			children = (
				F63FD06C18E89D5300D47804 /* Control Flow */,
				F63FD08B18E89D5300D47804 /* Control FlowTests */,
				F63FD06518E89D5300D47804 /* Frameworks */,
				F63FD06418E89D5300D47804 /* Products */,
			);
			sourceTree = "<group>";
		};
		F63FD06418E89D5300D47804 /* Products */ = {
			isa = PBXGroup;
			children = (
				F63FD06318E89D5300D47804 /* Control Flow.app */,
				F63FD08418E89D5300D47804 /* Control FlowTests.xctest */,
			);
			name = Products;
			sourceTree = "<group>";
		};
		F63FD06518E89D5300D47804 /* Frameworks */ = {
			isa = PBXGroup;
			children = (
				F63FD06618E89D5300D47804 /* Foundation.framework */,
				F63FD06818E89D5300D47804 /* CoreGraphics.framework */,
				F63FD06A18E89D5300D47804 /* UIKit.framework */,
				F63FD08518E89D5300D47804 /* XCTest.framework */,
			);
			name = Frameworks;
			sourceTree = "<group>";
		};
		F63FD06C18E89D5300D47804 /* Control Flow */ = {
			isa = PBXGroup;
			children = (
				F63FD07518E89D5300D47804 /* DCDAppDelegate.h */,
				F63FD07618E89D5300D47804 /* DCDAppDelegate.m */,
				F63FD07818E89D5300D47804 /* Main.storyboard */,
				F63FD07B18E89D5300D47804 /* DCDViewController.h */,
				F63FD07C18E89D5300D47804 /* DCDViewController.m */,
				F63FD07E18E89D5300D47804 /* Images.xcassets */,
				F63FD06D18E89D5300D47804 /* Supporting Files */,
			);
			path = "Control Flow";
			sourceTree = "<group>";
		};
		F63FD06D18E89D5300D47804 /* Supporting Files */ = {
			isa = PBXGroup;
			children = (
				F63FD06E18E89D5300D47804 /* Control Flow-Info.plist */,
				F63FD06F18E89D5300D47804 /* InfoPlist.strings */,
				F63FD07218E89D5300D47804 /* main.m */,
				F63FD07418E89D5300D47804 /* Control Flow-Prefix.pch */,
			);
			name = "Supporting Files";
			sourceTree = "<group>";
		};
		F63FD08B18E89D5300D47804 /* Control FlowTests */ = {
			isa = PBXGroup;
			children = (
				F63FD09118E89D5300D47804 /* Control_FlowTests.m */,
				F63FD08C18E89D5300D47804 /* Supporting Files */,
			);
			path = "Control FlowTests";
			sourceTree = "<group>";
		};
		F63FD08C18E89D5300D47804 /* Supporting Files */ = {
			isa = PBXGroup;
			children = (
				F63FD08D18E89D5300D47804 /* Control FlowTests-Info.plist */,
				F63FD08E18E89D5300D47804 /* InfoPlist.strings */,
			);
			name = "Supporting Files";
			sourceTree = "<group>";
		};
/* End PBXGroup section */

/* Begin PBXNativeTarget section */
		F63FD06218E89D5300D47804 /* Control Flow */ = {
			isa = PBXNativeTarget;
			buildConfigurationList = F63FD09518E89D5300D47804 /* Build configuration list for PBXNativeTarget "Control Flow" */;
			buildPhases = (
				F63FD05F18E89D5300D47804 /* Sources */,
				F63FD06018E89D5300D47804 /* Frameworks */,
				F63FD06118E89D5300D47804 /* Resources */,
			);
			buildRules = (
			);
			dependencies = (
			);
			name = "Control Flow";
			productName = "Control Flow";
			productReference = F63FD06318E89D5300D47804 /* Control Flow.app */;
			productType = "com.apple.product-type.application";
		};
		F63FD08318E89D5300D47804 /* Control FlowTests */ = {
			isa = PBXNativeTarget;
			buildConfigurationList = F63FD09818E89D5300D47804 /* Build configuration list for PBXNativeTarget "Control FlowTests" */;
			buildPhases = (
				F63FD08018E89D5300D47804 /* Sources */,
				F63FD08118E89D5300D47804 /* Frameworks */,
				F63FD08218E89D5300D47804 /* Resources */,
			);
			buildRules = (
			);
			dependencies = (
				F63FD08A18E89D5300D47804 /* PBXTargetDependency */,
			);
			name = "Control FlowTests";
			productName = "Control FlowTests";
			productReference = F63FD08418E89D5300D47804 /* Control FlowTests.xctest */;
			productType = "com.apple.product-type.bundle.unit-test";
		};
/* End PBXNativeTarget section */

/* Begin PBXProject section */
		F63FD05B18E89D5300D47804 /* Project object */ = {
			isa = PBXProject;
			attributes = {
				CLASSPREFIX = DCD;
				LastUpgradeCheck = 0510;
				ORGANIZATIONNAME = "Desert Computers & Design";
				TargetAttributes = {
					F63FD08318E89D5300D47804 = {
						TestTargetID = F63FD06218E89D5300D47804;
					};
				};
			};
			buildConfigurationList = F63FD05E18E89D5300D47804 /* Build configuration list for PBXProject "Control Flow" */;
			compatibilityVersion = "Xcode 3.2";
			developmentRegion = English;
			hasScannedForEncodings = 0;
			knownRegions = (
				en,
				Base,
			);
			mainGroup = F63FD05A18E89D5300D47804;
			productRefGroup = F63FD06418E89D5300D47804 /* Products */;
			projectDirPath = "";
			projectRoot = "";
			targets = (
				F63FD06218E89D5300D47804 /* Control Flow */,
				F63FD08318E89D5300D47804 /* Control FlowTests */,
			);
		};
/* End PBXProject section */

/* Begin PBXResourcesBuildPhase section */
		F63FD06118E89D5300D47804 /* Resources */ = {
			isa = PBXResourcesBuildPhase;
			buildActionMask = 2147483647;
			files = (
				F63FD07F18E89D5300D47804 /* Images.xcassets in Resources */,
				F63FD07118E89D5300D47804 /* InfoPlist.strings in Resources */,
				F63FD07A18E89D5300D47804 /* Main.storyboard in Resources */,
			);
			runOnlyForDeploymentPostprocessing = 0;
		};
		F63FD08218E89D5300D47804 /* Resources */ = {
			isa = PBXResourcesBuildPhase;
			buildActionMask = 2147483647;
			files = (
				F63FD09018E89D5300D47804 /* InfoPlist.strings in Resources */,
			);
			runOnlyForDeploymentPostprocessing = 0;
		};
/* End PBXResourcesBuildPhase section */

/* Begin PBXSourcesBuildPhase section */
		F63FD05F18E89D5300D47804 /* Sources */ = {
			isa = PBXSourcesBuildPhase;
			buildActionMask = 2147483647;
			files = (
				F63FD07718E89D5300D47804 /* DCDAppDelegate.m in Sources */,
				F63FD07318E89D5300D47804 /* main.m in Sources */,
				F63FD07D18E89D5300D47804 /* DCDViewController.m in Sources */,
			);
			runOnlyForDeploymentPostprocessing = 0;
		};
		F63FD08018E89D5300D47804 /* Sources */ = {
			isa = PBXSourcesBuildPhase;
			buildActionMask = 2147483647;
			files = (
				F63FD09218E89D5300D47804 /* Control_FlowTests.m in Sources */,
			);
			runOnlyForDeploymentPostprocessing = 0;
		};
/* End PBXSourcesBuildPhase section */

/* Begin PBXTargetDependency section */
		F63FD08A18E89D5300D47804 /* PBXTargetDependency */ = {
			isa = PBXTargetDependency;
			target = F63FD06218E89D5300D47804 /* Control Flow */;
			targetProxy = F63FD08918E89D5300D47804 /* PBXContainerItemProxy */;
		};
/* End PBXTargetDependency section */

/* Begin PBXVariantGroup section */
		F63FD06F18E89D5300D47804 /* InfoPlist.strings */ = {
			isa = PBXVariantGroup;
			children = (
				F63FD07018E89D5300D47804 /* en */,
			);
			name = InfoPlist.strings;
			sourceTree = "<group>";
		};
		F63FD07818E89D5300D47804 /* Main.storyboard */ = {
			isa = PBXVariantGroup;
			children = (
				F63FD07918E89D5300D47804 /* Base */,
			);
			name = Main.storyboard;
			sourceTree = "<group>";
		};
		F63FD08E18E89D5300D47804 /* InfoPlist.strings */ = {
			isa = PBXVariantGroup;
			children = (
				F63FD08F18E89D5300D47804 /* en */,
			);
			name = InfoPlist.strings;
			sourceTree = "<group>";
		};
/* End PBXVariantGroup section */

/* Begin XCBuildConfiguration section */
		F63FD09318E89D5300D47804 /* Debug */ = {
			isa = XCBuildConfiguration;
			buildSettings = {
				ALWAYS_SEARCH_USER_PATHS = NO;
				CLANG_CXX_LANGUAGE_STANDARD = "gnu++0x";
				CLANG_CXX_LIBRARY = "libc++";
				CLANG_ENABLE_MODULES = YES;
				CLANG_ENABLE_OBJC_ARC = YES;
				CLANG_WARN_BOOL_CONVERSION = YES;
				CLANG_WARN_CONSTANT_CONVERSION = YES;
				CLANG_WARN_DIRECT_OBJC_ISA_USAGE = YES_ERROR;
				CLANG_WARN_EMPTY_BODY = YES;
				CLANG_WARN_ENUM_CONVERSION = YES;
				CLANG_WARN_INT_CONVERSION = YES;
				CLANG_WARN_OBJC_ROOT_CLASS = YES_ERROR;
				CLANG_WARN__DUPLICATE_METHOD_MATCH = YES;
				"CODE_SIGN_IDENTITY[sdk=iphoneos*]" = "iPhone Developer";
				COPY_PHASE_STRIP = NO;
				GCC_C_LANGUAGE_STANDARD = gnu99;
				GCC_DYNAMIC_NO_PIC = NO;
				GCC_OPTIMIZATION_LEVEL = 0;
				GCC_PREPROCESSOR_DEFINITIONS = (
					"DEBUG=1",
					"$(inherited)",
				);
				GCC_SYMBOLS_PRIVATE_EXTERN = NO;
				GCC_WARN_64_TO_32_BIT_CONVERSION = YES;
				GCC_WARN_ABOUT_RETURN_TYPE = YES_ERROR;
				GCC_WARN_UNDECLARED_SELECTOR = YES;
				GCC_WARN_UNINITIALIZED_AUTOS = YES_AGGRESSIVE;
				GCC_WARN_UNUSED_FUNCTION = YES;
				GCC_WARN_UNUSED_VARIABLE = YES;
				IPHONEOS_DEPLOYMENT_TARGET = 7.1;
				ONLY_ACTIVE_ARCH = YES;
				SDKROOT = iphoneos;
			};
			name = Debug;
		};
		F63FD09418E89D5300D47804 /* Release */ = {
			isa = XCBuildConfiguration;
			buildSettings = {
				ALWAYS_SEARCH_USER_PATHS = NO;
				CLANG_CXX_LANGUAGE_STANDARD = "gnu++0x";
				CLANG_CXX_LIBRARY = "libc++";
				CLANG_ENABLE_MODULES = YES;
				CLANG_ENABLE_OBJC_ARC = YES;
				CLANG_WARN_BOOL_CONVERSION = YES;
				CLANG_WARN_CONSTANT_CONVERSION = YES;
				CLANG_WARN_DIRECT_OBJC_ISA_USAGE = YES_ERROR;
				CLANG_WARN_EMPTY_BODY = YES;
				CLANG_WARN_ENUM_CONVERSION = YES;
				CLANG_WARN_INT_CONVERSION = YES;
				CLANG_WARN_OBJC_ROOT_CLASS = YES_ERROR;
				CLANG_WARN__DUPLICATE_METHOD_MATCH = YES;
				"CODE_SIGN_IDENTITY[sdk=iphoneos*]" = "iPhone Developer";
				COPY_PHASE_STRIP = YES;
				ENABLE_NS_ASSERTIONS = NO;
				GCC_C_LANGUAGE_STANDARD = gnu99;
				GCC_WARN_64_TO_32_BIT_CONVERSION = YES;
				GCC_WARN_ABOUT_RETURN_TYPE = YES_ERROR;
				GCC_WARN_UNDECLARED_SELECTOR = YES;
				GCC_WARN_UNINITIALIZED_AUTOS = YES_AGGRESSIVE;
				GCC_WARN_UNUSED_FUNCTION = YES;
				GCC_WARN_UNUSED_VARIABLE = YES;
				IPHONEOS_DEPLOYMENT_TARGET = 7.1;
				SDKROOT = iphoneos;
				VALIDATE_PRODUCT = YES;
			};
			name = Release;
		};
		F63FD09618E89D5300D47804 /* Debug */ = {
			isa = XCBuildConfiguration;
			buildSettings = {
				ASSETCATALOG_COMPILER_APPICON_NAME = AppIcon;
				ASSETCATALOG_COMPILER_LAUNCHIMAGE_NAME = LaunchImage;
				GCC_PRECOMPILE_PREFIX_HEADER = YES;
				GCC_PREFIX_HEADER = "Control Flow/Control Flow-Prefix.pch";
				INFOPLIST_FILE = "Control Flow/Control Flow-Info.plist";
				PRODUCT_NAME = "$(TARGET_NAME)";
				WRAPPER_EXTENSION = app;
			};
			name = Debug;
		};
		F63FD09718E89D5300D47804 /* Release */ = {
			isa = XCBuildConfiguration;
			buildSettings = {
				ASSETCATALOG_COMPILER_APPICON_NAME = AppIcon;
				ASSETCATALOG_COMPILER_LAUNCHIMAGE_NAME = LaunchImage;
				GCC_PRECOMPILE_PREFIX_HEADER = YES;
				GCC_PREFIX_HEADER = "Control Flow/Control Flow-Prefix.pch";
				INFOPLIST_FILE = "Control Flow/Control Flow-Info.plist";
				PRODUCT_NAME = "$(TARGET_NAME)";
				WRAPPER_EXTENSION = app;
			};
			name = Release;
		};
		F63FD09918E89D5300D47804 /* Debug */ = {
			isa = XCBuildConfiguration;
			buildSettings = {
				BUNDLE_LOADER = "$(BUILT_PRODUCTS_DIR)/Control Flow.app/Control Flow";
				FRAMEWORK_SEARCH_PATHS = (
					"$(SDKROOT)/Developer/Library/Frameworks",
					"$(inherited)",
					"$(DEVELOPER_FRAMEWORKS_DIR)",
				);
				GCC_PRECOMPILE_PREFIX_HEADER = YES;
				GCC_PREFIX_HEADER = "Control Flow/Control Flow-Prefix.pch";
				GCC_PREPROCESSOR_DEFINITIONS = (
					"DEBUG=1",
					"$(inherited)",
				);
				INFOPLIST_FILE = "Control FlowTests/Control FlowTests-Info.plist";
				PRODUCT_NAME = "$(TARGET_NAME)";
				TEST_HOST = "$(BUNDLE_LOADER)";
				WRAPPER_EXTENSION = xctest;
			};
			name = Debug;
		};
		F63FD09A18E89D5300D47804 /* Release */ = {
			isa = XCBuildConfiguration;
			buildSettings = {
				BUNDLE_LOADER = "$(BUILT_PRODUCTS_DIR)/Control Flow.app/Control Flow";
				FRAMEWORK_SEARCH_PATHS = (
					"$(SDKROOT)/Developer/Library/Frameworks",
					"$(inherited)",
					"$(DEVELOPER_FRAMEWORKS_DIR)",
				);
				GCC_PRECOMPILE_PREFIX_HEADER = YES;
				GCC_PREFIX_HEADER = "Control Flow/Control Flow-Prefix.pch";
				INFOPLIST_FILE = "Control FlowTests/Control FlowTests-Info.plist";
				PRODUCT_NAME = "$(TARGET_NAME)";
				TEST_HOST = "$(BUNDLE_LOADER)";
				WRAPPER_EXTENSION = xctest;
			};
			name = Release;
		};
/* End XCBuildConfiguration section */

/* Begin XCConfigurationList section */
		F63FD05E18E89D5300D47804 /* Build configuration list for PBXProject "Control Flow" */ = {
			isa = XCConfigurationList;
			buildConfigurations = (
				F63FD09318E89D5300D47804 /* Debug */,
				F63FD09418E89D5300D47804 /* Release */,
			);
			defaultConfigurationIsVisible = 0;
			defaultConfigurationName = Release;
		};
		F63FD09518E89D5300D47804 /* Build configuration list for PBXNativeTarget "Control Flow" */ = {
			isa = XCConfigurationList;
			buildConfigurations = (
				F63FD09618E89D5300D47804 /* Debug */,
				F63FD09718E89D5300D47804 /* Release */,
			);
			defaultConfigurationIsVisible = 0;
		};
		F63FD09818E89D5300D47804 /* Build configuration list for PBXNativeTarget "Control FlowTests" */ = {
			isa = XCConfigurationList;
			buildConfigurations = (
				F63FD09918E89D5300D47804 /* Debug */,
				F63FD09A18E89D5300D47804 /* Release */,
			);
			defaultConfigurationIsVisible = 0;
		};
/* End XCConfigurationList section */
	};
	rootObject = F63FD05B18E89D5300D47804 /* Project object */;
}
